
Microsoft Visual Studio Solution File, Format Version 12.00
# Visual Studio Version 16
VisualStudioVersion = 16.0.31205.134
MinimumVisualStudioVersion = 10.0.40219.1
Project("{FAE04EC0-301F-11D3-BF4B-00C04F79EFBC}") = "EasyMusic", "EasyMusic\EasyMusic.csproj", "{7EFCDC6E-2D05-42E5-9E88-F010601E7870}"
EndProject
Global
	GlobalSection(SolutionConfigurationPlatforms) = preSolution
		Debug|Any CPU = Debug|Any CPU
		Debug|x64 = Debug|x64
		Release|Any CPU = Release|Any CPU
		Release|x64 = Release|x64
	EndGlobalSection
	GlobalSection(ProjectConfigurationPlatforms) = postSolution
		{7EFCDC6E-2D05-42E5-9E88-F010601E7870}.Debug|Any CPU.ActiveCfg = Debug|Any CPU
		{7EFCDC6E-2D05-42E5-9E88-F010601E7870}.Debug|Any CPU.Build.0 = Debug|Any CPU
		{7EFCDC6E-2D05-42E5-9E88-F010601E7870}.Debug|x64.ActiveCfg = Debug|x64
		{7EFCDC6E-2D05-42E5-9E88-F010601E7870}.Debug|x64.Build.0 = Debug|x64
		{7EFCDC6E-2D05-42E5-9E88-F010601E7870}.Release|Any CPU.ActiveCfg = Release|Any CPU
		{7EFCDC6E-2D05-42E5-9E88-F010601E7870}.Release|Any CPU.Build.0 = Release|Any CPU
		{7EFCDC6E-2D05-42E5-9E88-F010601E7870}.Release|x64.ActiveCfg = Release|x64
		{7EFCDC6E-2D05-42E5-9E88-F010601E7870}.Release|x64.Build.0 = Release|x64
	EndGlobalSection
	GlobalSection(SolutionProperties) = preSolution
		HideSolutionNode = FALSE
	EndGlobalSection
	GlobalSection(ExtensibilityGlobals) = postSolution
		SolutionGuid = {C960A02E-C069-431F-8366-49D0E0F8F79C}
	EndGlobalSection
EndGlobal
